Microsoft Visual Studio Solution File, Format Version 12.00
# Visual Studio Version 17
VisualStudioVersion = 17.5.2.0
MinimumVisualStudioVersion = 10.0.40219.1
Project("{FAE04EC0-301F-11D3-BF4B-00C04F79EFBC}") = "Prueba_Geolocalizacion", "Prueba_Geolocalizacion.csproj", "{ABF84C99-0F44-32AB-5412-72133EC95271}"
EndProject
Global
	GlobalSection(SolutionConfigurationPlatforms) = preSolution
		Debug|Any CPU = Debug|Any CPU
		Release|Any CPU = Release|Any CPU
	EndGlobalSection
	GlobalSection(ProjectConfigurationPlatforms) = postSolution
		{ABF84C99-0F44-32AB-5412-72133EC95271}.Debug|Any CPU.ActiveCfg = Debug|Any CPU
		{ABF84C99-0F44-32AB-5412-72133EC95271}.Debug|Any CPU.Build.0 = Debug|Any CPU
		{ABF84C99-0F44-32AB-5412-72133EC95271}.Release|Any CPU.ActiveCfg = Release|Any CPU
		{ABF84C99-0F44-32AB-5412-72133EC95271}.Release|Any CPU.Build.0 = Release|Any CPU
	EndGlobalSection
	GlobalSection(SolutionProperties) = preSolution
		HideSolutionNode = FALSE
	EndGlobalSection
	GlobalSection(ExtensibilityGlobals) = postSolution
		SolutionGuid = {ACBCD9EB-1A21-432D-BBAA-D870E1A66202}
	EndGlobalSection
EndGlobal
